
Microsoft Visual Studio Solution File, Format Version 12.00
# Visual Studio Version 16
VisualStudioVersion = 16.0.29025.244
MinimumVisualStudioVersion = 10.0.40219.1
Project("{FAE04EC0-301F-11D3-BF4B-00C04F79EFBC}") = "Cmcoins.Boc", "Cmcoins.Boc\Cmcoins.Boc.csproj", "{D857B4A7-4140-4F01-8C62-F2F21F46BB48}"
EndProject
Global
	GlobalSection(SolutionConfigurationPlatforms) = preSolution
		Debug|Any CPU = Debug|Any CPU
		Release|Any CPU = Release|Any CPU
	EndGlobalSection
	GlobalSection(ProjectConfigurationPlatforms) = postSolution
		{D857B4A7-4140-4F01-8C62-F2F21F46BB48}.Debug|Any CPU.ActiveCfg = Debug|Any CPU
		{D857B4A7-4140-4F01-8C62-F2F21F46BB48}.Debug|Any CPU.Build.0 = Debug|Any CPU
		{D857B4A7-4140-4F01-8C62-F2F21F46BB48}.Release|Any CPU.ActiveCfg = Release|Any CPU
		{D857B4A7-4140-4F01-8C62-F2F21F46BB48}.Release|Any CPU.Build.0 = Release|Any CPU
	EndGlobalSection
	GlobalSection(SolutionProperties) = preSolution
		HideSolutionNode = FALSE
	EndGlobalSection
	GlobalSection(ExtensibilityGlobals) = postSolution
		SolutionGuid = {AF2168A7-FA66-4381-90A6-86EDCA47D608}
	EndGlobalSection
EndGlobal
